
Microsoft Visual Studio Solution File, Format Version 12.00
# Visual Studio 15
VisualStudioVersion = 15.0.26730.8
MinimumVisualStudioVersion = 10.0.40219.1
Project("{FAE04EC0-301F-11D3-BF4B-00C04F79EFBC}") = "WebAPI_BookEF", "WebAPI_BookEF\WebAPI_BookEF.csproj", "{DC670BDD-C441-4671-BEB5-45B0467E3409}"
EndProject
Global
	GlobalSection(SolutionConfigurationPlatforms) = preSolution
		Debug|Any CPU = Debug|Any CPU
		Release|Any CPU = Release|Any CPU
	EndGlobalSection
	GlobalSection(ProjectConfigurationPlatforms) = postSolution
		{DC670BDD-C441-4671-BEB5-45B0467E3409}.Debug|Any CPU.ActiveCfg = Debug|Any CPU
		{DC670BDD-C441-4671-BEB5-45B0467E3409}.Debug|Any CPU.Build.0 = Debug|Any CPU
		{DC670BDD-C441-4671-BEB5-45B0467E3409}.Release|Any CPU.ActiveCfg = Release|Any CPU
		{DC670BDD-C441-4671-BEB5-45B0467E3409}.Release|Any CPU.Build.0 = Release|Any CPU
	EndGlobalSection
	GlobalSection(SolutionProperties) = preSolution
		HideSolutionNode = FALSE
	EndGlobalSection
	GlobalSection(ExtensibilityGlobals) = postSolution
		SolutionGuid = {DED1B954-0AED-434C-97A1-CFBDFB19159A}
	EndGlobalSection
EndGlobal
